// !$*UTF8*$!
{
	archiveVersion = 1;
	classes = {
	};
	objectVersion = 46;
	objects = {

/* Begin PBXBuildFile section */
		120E3B591F014E7700E1C851 /* ZYCStatuBarHUD.m in Sources */ = {isa = PBXBuildFile; fileRef = 120E3B541F014E7700E1C851 /* ZYCStatuBarHUD.m */; };
		120E3B5B1F0151B500E1C851 /* ZYCStatuBarHUD.bundle in Resources */ = {isa = PBXBuildFile; fileRef = 120E3B5A1F0151B500E1C851 /* ZYCStatuBarHUD.bundle */; };
		12AF13AB1F001AD600D702F1 /* main.m in Sources */ = {isa = PBXBuildFile; fileRef = 12AF13AA1F001AD600D702F1 /* main.m */; };
		12AF13AE1F001AD600D702F1 /* AppDelegate.m in Sources */ = {isa = PBXBuildFile; fileRef = 12AF13AD1F001AD600D702F1 /* AppDelegate.m */; };
		12AF13B11F001AD600D702F1 /* ViewController.m in Sources */ = {isa = PBXBuildFile; fileRef = 12AF13B01F001AD600D702F1 /* ViewController.m */; };
		12AF13B41F001AD600D702F1 /* Main.storyboard in Resources */ = {isa = PBXBuildFile; fileRef = 12AF13B21F001AD600D702F1 /* Main.storyboard */; };
		12AF13B71F001AD600D702F1 /* ZYCStatuBarHUD.xcdatamodeld in Sources */ = {isa = PBXBuildFile; fileRef = 12AF13B51F001AD600D702F1 /* ZYCStatuBarHUD.xcdatamodeld */; };
		12AF13B91F001AD600D702F1 /* Assets.xcassets in Resources */ = {isa = PBXBuildFile; fileRef = 12AF13B81F001AD600D702F1 /* Assets.xcassets */; };
		12AF13BC1F001AD600D702F1 /* LaunchScreen.storyboard in Resources */ = {isa = PBXBuildFile; fileRef = 12AF13BA1F001AD600D702F1 /* LaunchScreen.storyboard */; };
		12AF13C71F001AD600D702F1 /* ZYCStatuBarHUDUITests.m in Sources */ = {isa = PBXBuildFile; fileRef = 12AF13C61F001AD600D702F1 /* ZYCStatuBarHUDUITests.m */; };
/* End PBXBuildFile section */

/* Begin PBXContainerItemProxy section */
		12AF13C31F001AD600D702F1 /* PBXContainerItemProxy */ = {
			isa = PBXContainerItemProxy;
			containerPortal = 12AF139E1F001AD500D702F1 /* Project object */;
			proxyType = 1;
			remoteGlobalIDString = 12AF13A51F001AD500D702F1;
			remoteInfo = ZYCStatuBarHUD;
		};
/* End PBXContainerItemProxy section */

/* Begin PBXFileReference section */
		120E3B531F014E7700E1C851 /* ZYCStatuBarHUD.h */ = {isa = PBXFileReference; fileEncoding = 4; lastKnownFileType = sourcecode.c.h; path = ZYCStatuBarHUD.h; sourceTree = "<group>"; };
		120E3B541F014E7700E1C851 /* ZYCStatuBarHUD.m */ = {isa = PBXFileReference; fileEncoding = 4; lastKnownFileType = sourcecode.c.objc; path = ZYCStatuBarHUD.m; sourceTree = "<group>"; };
		120E3B5A1F0151B500E1C851 /* ZYCStatuBarHUD.bundle */ = {isa = PBXFileReference; lastKnownFileType = "wrapper.plug-in"; path = ZYCStatuBarHUD.bundle; sourceTree = "<group>"; };
		12AF13A61F001AD500D702F1 /* ZYCStatuBarHUD.app */ = {isa = PBXFileReference; explicitFileType = wrapper.application; includeInIndex = 0; path = ZYCStatuBarHUD.app; sourceTree = BUILT_PRODUCTS_DIR; };
		12AF13AA1F001AD600D702F1 /* main.m */ = {isa = PBXFileReference; lastKnownFileType = sourcecode.c.objc; path = main.m; sourceTree = "<group>"; };
		12AF13AC1F001AD600D702F1 /* AppDelegate.h */ = {isa = PBXFileReference; lastKnownFileType = sourcecode.c.h; path = AppDelegate.h; sourceTree = "<group>"; };
		12AF13AD1F001AD600D702F1 /* AppDelegate.m */ = {isa = PBXFileReference; lastKnownFileType = sourcecode.c.objc; path = AppDelegate.m; sourceTree = "<group>"; };
		12AF13AF1F001AD600D702F1 /* ViewController.h */ = {isa = PBXFileReference; lastKnownFileType = sourcecode.c.h; path = ViewController.h; sourceTree = "<group>"; };
		12AF13B01F001AD600D702F1 /* ViewController.m */ = {isa = PBXFileReference; lastKnownFileType = sourcecode.c.objc; path = ViewController.m; sourceTree = "<group>"; };
		12AF13B31F001AD600D702F1 /* Base */ = {isa = PBXFileReference; lastKnownFileType = file.storyboard; name = Base; path = Base.lproj/Main.storyboard; sourceTree = "<group>"; };
		12AF13B61F001AD600D702F1 /* ZYCStatuBarHUD.xcdatamodel */ = {isa = PBXFileReference; lastKnownFileType = wrapper.xcdatamodel; path = ZYCStatuBarHUD.xcdatamodel; sourceTree = "<group>"; };
		12AF13B81F001AD600D702F1 /* Assets.xcassets */ = {isa = PBXFileReference; lastKnownFileType = folder.assetcatalog; path = Assets.xcassets; sourceTree = "<group>"; };
		12AF13BB1F001AD600D702F1 /* Base */ = {isa = PBXFileReference; lastKnownFileType = file.storyboard; name = Base; path = Base.lproj/LaunchScreen.storyboard; sourceTree = "<group>"; };
		12AF13BD1F001AD600D702F1 /* Info.plist */ = {isa = PBXFileReference; lastKnownFileType = text.plist.xml; path = Info.plist; sourceTree = "<group>"; };
		12AF13C21F001AD600D702F1 /* ZYCStatuBarHUDUITests.xctest */ = {isa = PBXFileReference; explicitFileType = wrapper.cfbundle; includeInIndex = 0; path = ZYCStatuBarHUDUITests.xctest; sourceTree = BUILT_PRODUCTS_DIR; };
		12AF13C61F001AD600D702F1 /* ZYCStatuBarHUDUITests.m */ = {isa = PBXFileReference; lastKnownFileType = sourcecode.c.objc; path = ZYCStatuBarHUDUITests.m; sourceTree = "<group>"; };
		12AF13C81F001AD600D702F1 /* Info.plist */ = {isa = PBXFileReference; lastKnownFileType = text.plist.xml; path = Info.plist; sourceTree = "<group>"; };
/* End PBXFileReference section */

/* Begin PBXFrameworksBuildPhase section */
		12AF13A31F001AD500D702F1 /* Frameworks */ = {
			isa = PBXFrameworksBuildPhase;
			buildActionMask = 2147483647;
			files = (
			);
			runOnlyForDeploymentPostprocessing = 0;
		};
		12AF13BF1F001AD600D702F1 /* Frameworks */ = {
			isa = PBXFrameworksBuildPhase;
			buildActionMask = 2147483647;
			files = (
			);
			runOnlyForDeploymentPostprocessing = 0;
		};
/* End PBXFrameworksBuildPhase section */

/* Begin PBXGroup section */
		120E3B4E1F014E7700E1C851 /* ZYCStatuBarHUD */ = {
			isa = PBXGroup;
			children = (
				120E3B5A1F0151B500E1C851 /* ZYCStatuBarHUD.bundle */,
				120E3B531F014E7700E1C851 /* ZYCStatuBarHUD.h */,
				120E3B541F014E7700E1C851 /* ZYCStatuBarHUD.m */,
			);
			path = ZYCStatuBarHUD;
			sourceTree = "<group>";
		};
		12AF139D1F001AD500D702F1 = {
			isa = PBXGroup;
			children = (
				12AF13A81F001AD500D702F1 /* ZYCStatuBarHUD */,
				12AF13C51F001AD600D702F1 /* ZYCStatuBarHUDUITests */,
				12AF13A71F001AD500D702F1 /* Products */,
			);
			sourceTree = "<group>";
		};
		12AF13A71F001AD500D702F1 /* Products */ = {
			isa = PBXGroup;
			children = (
				12AF13A61F001AD500D702F1 /* ZYCStatuBarHUD.app */,
				12AF13C21F001AD600D702F1 /* ZYCStatuBarHUDUITests.xctest */,
			);
			name = Products;
			sourceTree = "<group>";
		};
		12AF13A81F001AD500D702F1 /* ZYCStatuBarHUD */ = {
			isa = PBXGroup;
			children = (
				120E3B4E1F014E7700E1C851 /* ZYCStatuBarHUD */,
				12AF13AC1F001AD600D702F1 /* AppDelegate.h */,
				12AF13AD1F001AD600D702F1 /* AppDelegate.m */,
				12AF13AF1F001AD600D702F1 /* ViewController.h */,
				12AF13B01F001AD600D702F1 /* ViewController.m */,
				12AF13B21F001AD600D702F1 /* Main.storyboard */,
				12AF13B81F001AD600D702F1 /* Assets.xcassets */,
				12AF13BA1F001AD600D702F1 /* LaunchScreen.storyboard */,
				12AF13BD1F001AD600D702F1 /* Info.plist */,
				12AF13B51F001AD600D702F1 /* ZYCStatuBarHUD.xcdatamodeld */,
				12AF13A91F001AD600D702F1 /* Supporting Files */,
			);
			path = ZYCStatuBarHUD;
			sourceTree = "<group>";
		};
		12AF13A91F001AD600D702F1 /* Supporting Files */ = {
			isa = PBXGroup;
			children = (
				12AF13AA1F001AD600D702F1 /* main.m */,
			);
			name = "Supporting Files";
			sourceTree = "<group>";
		};
		12AF13C51F001AD600D702F1 /* ZYCStatuBarHUDUITests */ = {
			isa = PBXGroup;
			children = (
				12AF13C61F001AD600D702F1 /* ZYCStatuBarHUDUITests.m */,
				12AF13C81F001AD600D702F1 /* Info.plist */,
			);
			path = ZYCStatuBarHUDUITests;
			sourceTree = "<group>";
		};
/* End PBXGroup section */

/* Begin PBXNativeTarget section */
		12AF13A51F001AD500D702F1 /* ZYCStatuBarHUD */ = {
			isa = PBXNativeTarget;
			buildConfigurationList = 12AF13CB1F001AD600D702F1 /* Build configuration list for PBXNativeTarget "ZYCStatuBarHUD" */;
			buildPhases = (
				12AF13A21F001AD500D702F1 /* Sources */,
				12AF13A31F001AD500D702F1 /* Frameworks */,
				12AF13A41F001AD500D702F1 /* Resources */,
			);
			buildRules = (
			);
			dependencies = (
			);
			name = ZYCStatuBarHUD;
			productName = ZYCStatuBarHUD;
			productReference = 12AF13A61F001AD500D702F1 /* ZYCStatuBarHUD.app */;
			productType = "com.apple.product-type.application";
		};
		12AF13C11F001AD600D702F1 /* ZYCStatuBarHUDUITests */ = {
			isa = PBXNativeTarget;
			buildConfigurationList = 12AF13CE1F001AD600D702F1 /* Build configuration list for PBXNativeTarget "ZYCStatuBarHUDUITests" */;
			buildPhases = (
				12AF13BE1F001AD600D702F1 /* Sources */,
				12AF13BF1F001AD600D702F1 /* Frameworks */,
				12AF13C01F001AD600D702F1 /* Resources */,
			);
			buildRules = (
			);
			dependencies = (
				12AF13C41F001AD600D702F1 /* PBXTargetDependency */,
			);
			name = ZYCStatuBarHUDUITests;
			productName = ZYCStatuBarHUDUITests;
			productReference = 12AF13C21F001AD600D702F1 /* ZYCStatuBarHUDUITests.xctest */;
			productType = "com.apple.product-type.bundle.ui-testing";
		};
/* End PBXNativeTarget section */

/* Begin PBXProject section */
		12AF139E1F001AD500D702F1 /* Project object */ = {
			isa = PBXProject;
			attributes = {
				CLASSPREFIX = ZYC;
				LastUpgradeCheck = 0830;
				ORGANIZATIONNAME = wpzyc;
				TargetAttributes = {
					12AF13A51F001AD500D702F1 = {
						CreatedOnToolsVersion = 8.3.1;
						ProvisioningStyle = Automatic;
					};
					12AF13C11F001AD600D702F1 = {
						CreatedOnToolsVersion = 8.3.1;
						ProvisioningStyle = Automatic;
						TestTargetID = 12AF13A51F001AD500D702F1;
					};
				};
			};
			buildConfigurationList = 12AF13A11F001AD500D702F1 /* Build configuration list for PBXProject "ZYCStatuBarHUD" */;
			compatibilityVersion = "Xcode 3.2";
			developmentRegion = English;
			hasScannedForEncodings = 0;
			knownRegions = (
				en,
				Base,
			);
			mainGroup = 12AF139D1F001AD500D702F1;
			productRefGroup = 12AF13A71F001AD500D702F1 /* Products */;
			projectDirPath = "";
			projectRoot = "";
			targets = (
				12AF13A51F001AD500D702F1 /* ZYCStatuBarHUD */,
				12AF13C11F001AD600D702F1 /* ZYCStatuBarHUDUITests */,
			);
		};
/* End PBXProject section */

/* Begin PBXResourcesBuildPhase section */
		12AF13A41F001AD500D702F1 /* Resources */ = {
			isa = PBXResourcesBuildPhase;
			buildActionMask = 2147483647;
			files = (
				12AF13BC1F001AD600D702F1 /* LaunchScreen.storyboard in Resources */,
				120E3B5B1F0151B500E1C851 /* ZYCStatuBarHUD.bundle in Resources */,
				12AF13B91F001AD600D702F1 /* Assets.xcassets in Resources */,
				12AF13B41F001AD600D702F1 /* Main.storyboard in Resources */,
			);
			runOnlyForDeploymentPostprocessing = 0;
		};
		12AF13C01F001AD600D702F1 /* Resources */ = {
			isa = PBXResourcesBuildPhase;
			buildActionMask = 2147483647;
			files = (
			);
			runOnlyForDeploymentPostprocessing = 0;
		};
/* End PBXResourcesBuildPhase section */

/* Begin PBXSourcesBuildPhase section */
		12AF13A21F001AD500D702F1 /* Sources */ = {
			isa = PBXSourcesBuildPhase;
			buildActionMask = 2147483647;
			files = (
				12AF13B71F001AD600D702F1 /* ZYCStatuBarHUD.xcdatamodeld in Sources */,
				12AF13B11F001AD600D702F1 /* ViewController.m in Sources */,
				12AF13AE1F001AD600D702F1 /* AppDelegate.m in Sources */,
				120E3B591F014E7700E1C851 /* ZYCStatuBarHUD.m in Sources */,
				12AF13AB1F001AD600D702F1 /* main.m in Sources */,
			);
			runOnlyForDeploymentPostprocessing = 0;
		};
		12AF13BE1F001AD600D702F1 /* Sources */ = {
			isa = PBXSourcesBuildPhase;
			buildActionMask = 2147483647;
			files = (
				12AF13C71F001AD600D702F1 /* ZYCStatuBarHUDUITests.m in Sources */,
			);
			runOnlyForDeploymentPostprocessing = 0;
		};
/* End PBXSourcesBuildPhase section */

/* Begin PBXTargetDependency section */
		12AF13C41F001AD600D702F1 /* PBXTargetDependency */ = {
			isa = PBXTargetDependency;
			target = 12AF13A51F001AD500D702F1 /* ZYCStatuBarHUD */;
			targetProxy = 12AF13C31F001AD600D702F1 /* PBXContainerItemProxy */;
		};
/* End PBXTargetDependency section */

/* Begin PBXVariantGroup section */
		12AF13B21F001AD600D702F1 /* Main.storyboard */ = {
			isa = PBXVariantGroup;
			children = (
				12AF13B31F001AD600D702F1 /* Base */,
			);
			name = Main.storyboard;
			sourceTree = "<group>";
		};
		12AF13BA1F001AD600D702F1 /* LaunchScreen.storyboard */ = {
			isa = PBXVariantGroup;
			children = (
				12AF13BB1F001AD600D702F1 /* Base */,
			);
			name = LaunchScreen.storyboard;
			sourceTree = "<group>";
		};
/* End PBXVariantGroup section */

/* Begin XCBuildConfiguration section */
		12AF13C91F001AD600D702F1 /* Debug */ = {
			isa = XCBuildConfiguration;
			buildSettings = {
				ALWAYS_SEARCH_USER_PATHS = NO;
				CLANG_ANALYZER_NONNULL = YES;
				CLANG_ANALYZER_NUMBER_OBJECT_CONVERSION = YES_AGGRESSIVE;
				CLANG_CXX_LANGUAGE_STANDARD = "gnu++0x";
				CLANG_CXX_LIBRARY = "libc++";
				CLANG_ENABLE_MODULES = YES;
				CLANG_ENABLE_OBJC_ARC = YES;
				CLANG_WARN_BOOL_CONVERSION = YES;
				CLANG_WARN_CONSTANT_CONVERSION = YES;
				CLANG_WARN_DIRECT_OBJC_ISA_USAGE = YES_ERROR;
				CLANG_WARN_DOCUMENTATION_COMMENTS = YES;
				CLANG_WARN_EMPTY_BODY = YES;
				CLANG_WARN_ENUM_CONVERSION = YES;
				CLANG_WARN_INFINITE_RECURSION = YES;
				CLANG_WARN_INT_CONVERSION = YES;
				CLANG_WARN_OBJC_ROOT_CLASS = YES_ERROR;
				CLANG_WARN_SUSPICIOUS_MOVE = YES;
				CLANG_WARN_UNREACHABLE_CODE = YES;
				CLANG_WARN__DUPLICATE_METHOD_MATCH = YES;
				"CODE_SIGN_IDENTITY[sdk=iphoneos*]" = "iPhone Developer";
				COPY_PHASE_STRIP = NO;
				DEBUG_INFORMATION_FORMAT = dwarf;
				ENABLE_STRICT_OBJC_MSGSEND = YES;
				ENABLE_TESTABILITY = YES;
				GCC_C_LANGUAGE_STANDARD = gnu99;
				GCC_DYNAMIC_NO_PIC = NO;
				GCC_NO_COMMON_BLOCKS = YES;
				GCC_OPTIMIZATION_LEVEL = 0;
				GCC_PREPROCESSOR_DEFINITIONS = (
					"DEBUG=1",
					"$(inherited)",
				);
				GCC_WARN_64_TO_32_BIT_CONVERSION = YES;
				GCC_WARN_ABOUT_RETURN_TYPE = YES_ERROR;
				GCC_WARN_UNDECLARED_SELECTOR = YES;
				GCC_WARN_UNINITIALIZED_AUTOS = YES_AGGRESSIVE;
				GCC_WARN_UNUSED_FUNCTION = YES;
				GCC_WARN_UNUSED_VARIABLE = YES;
				IPHONEOS_DEPLOYMENT_TARGET = 10.3;
				MTL_ENABLE_DEBUG_INFO = YES;
				ONLY_ACTIVE_ARCH = YES;
				SDKROOT = iphoneos;
			};
			name = Debug;
		};
		12AF13CA1F001AD600D702F1 /* Release */ = {
			isa = XCBuildConfiguration;
			buildSettings = {
				ALWAYS_SEARCH_USER_PATHS = NO;
				CLANG_ANALYZER_NONNULL = YES;
				CLANG_ANALYZER_NUMBER_OBJECT_CONVERSION = YES_AGGRESSIVE;
				CLANG_CXX_LANGUAGE_STANDARD = "gnu++0x";
				CLANG_CXX_LIBRARY = "libc++";
				CLANG_ENABLE_MODULES = YES;
				CLANG_ENABLE_OBJC_ARC = YES;
				CLANG_WARN_BOOL_CONVERSION = YES;
				CLANG_WARN_CONSTANT_CONVERSION = YES;
				CLANG_WARN_DIRECT_OBJC_ISA_USAGE = YES_ERROR;
				CLANG_WARN_DOCUMENTATION_COMMENTS = YES;
				CLANG_WARN_EMPTY_BODY = YES;
				CLANG_WARN_ENUM_CONVERSION = YES;
				CLANG_WARN_INFINITE_RECURSION = YES;
				CLANG_WARN_INT_CONVERSION = YES;
				CLANG_WARN_OBJC_ROOT_CLASS = YES_ERROR;
				CLANG_WARN_SUSPICIOUS_MOVE = YES;
				CLANG_WARN_UNREACHABLE_CODE = YES;
				CLANG_WARN__DUPLICATE_METHOD_MATCH = YES;
				"CODE_SIGN_IDENTITY[sdk=iphoneos*]" = "iPhone Developer";
				COPY_PHASE_STRIP = NO;
				DEBUG_INFORMATION_FORMAT = "dwarf-with-dsym";
				ENABLE_NS_ASSERTIONS = NO;
				ENABLE_STRICT_OBJC_MSGSEND = YES;
				GCC_C_LANGUAGE_STANDARD = gnu99;
				GCC_NO_COMMON_BLOCKS = YES;
				GCC_WARN_64_TO_32_BIT_CONVERSION = YES;
				GCC_WARN_ABOUT_RETURN_TYPE = YES_ERROR;
				GCC_WARN_UNDECLARED_SELECTOR = YES;
				GCC_WARN_UNINITIALIZED_AUTOS = YES_AGGRESSIVE;
				GCC_WARN_UNUSED_FUNCTION = YES;
				GCC_WARN_UNUSED_VARIABLE = YES;
				IPHONEOS_DEPLOYMENT_TARGET = 10.3;
				MTL_ENABLE_DEBUG_INFO = NO;
				SDKROOT = iphoneos;
				VALIDATE_PRODUCT = YES;
			};
			name = Release;
		};
		12AF13CC1F001AD600D702F1 /* Debug */ = {
			isa = XCBuildConfiguration;
			buildSettings = {
				ASSETCATALOG_COMPILER_APPICON_NAME = AppIcon;
				INFOPLIST_FILE = ZYCStatuBarHUD/Info.plist;
				LD_RUNPATH_SEARCH_PATHS = "$(inherited) @executable_path/Frameworks";
				PRODUCT_BUNDLE_IDENTIFIER = com.wpzyc.ZYCStatuBarHUD;
				PRODUCT_NAME = "$(TARGET_NAME)";
			};
			name = Debug;
		};
		12AF13CD1F001AD600D702F1 /* Release */ = {
			isa = XCBuildConfiguration;
			buildSettings = {
				ASSETCATALOG_COMPILER_APPICON_NAME = AppIcon;
				INFOPLIST_FILE = ZYCStatuBarHUD/Info.plist;
				LD_RUNPATH_SEARCH_PATHS = "$(inherited) @executable_path/Frameworks";
				PRODUCT_BUNDLE_IDENTIFIER = com.wpzyc.ZYCStatuBarHUD;
				PRODUCT_NAME = "$(TARGET_NAME)";
			};
			name = Release;
		};
		12AF13CF1F001AD600D702F1 /* Debug */ = {
			isa = XCBuildConfiguration;
			buildSettings = {
				INFOPLIST_FILE = ZYCStatuBarHUDUITests/Info.plist;
				LD_RUNPATH_SEARCH_PATHS = "$(inherited) @executable_path/Frameworks @loader_path/Frameworks";
				PRODUCT_BUNDLE_IDENTIFIER = com.wpzyc.ZYCStatuBarHUDUITests;
				PRODUCT_NAME = "$(TARGET_NAME)";
				TEST_TARGET_NAME = ZYCStatuBarHUD;
			};
			name = Debug;
		};
		12AF13D01F001AD600D702F1 /* Release */ = {
			isa = XCBuildConfiguration;
			buildSettings = {
				INFOPLIST_FILE = ZYCStatuBarHUDUITests/Info.plist;
				LD_RUNPATH_SEARCH_PATHS = "$(inherited) @executable_path/Frameworks @loader_path/Frameworks";
				PRODUCT_BUNDLE_IDENTIFIER = com.wpzyc.ZYCStatuBarHUDUITests;
				PRODUCT_NAME = "$(TARGET_NAME)";
				TEST_TARGET_NAME = ZYCStatuBarHUD;
			};
			name = Release;
		};
/* End XCBuildConfiguration section */

/* Begin XCConfigurationList section */
		12AF13A11F001AD500D702F1 /* Build configuration list for PBXProject "ZYCStatuBarHUD" */ = {
			isa = XCConfigurationList;
			buildConfigurations = (
				12AF13C91F001AD600D702F1 /* Debug */,
				12AF13CA1F001AD600D702F1 /* Release */,
			);
			defaultConfigurationIsVisible = 0;
			defaultConfigurationName = Release;
		};
		12AF13CB1F001AD600D702F1 /* Build configuration list for PBXNativeTarget "ZYCStatuBarHUD" */ = {
			isa = XCConfigurationList;
			buildConfigurations = (
				12AF13CC1F001AD600D702F1 /* Debug */,
				12AF13CD1F001AD600D702F1 /* Release */,
			);
			defaultConfigurationIsVisible = 0;
			defaultConfigurationName = Release;
		};
		12AF13CE1F001AD600D702F1 /* Build configuration list for PBXNativeTarget "ZYCStatuBarHUDUITests" */ = {
			isa = XCConfigurationList;
			buildConfigurations = (
				12AF13CF1F001AD600D702F1 /* Debug */,
				12AF13D01F001AD600D702F1 /* Release */,
			);
			defaultConfigurationIsVisible = 0;
			defaultConfigurationName = Release;
		};
/* End XCConfigurationList section */

/* Begin XCVersionGroup section */
		12AF13B51F001AD600D702F1 /* ZYCStatuBarHUD.xcdatamodeld */ = {
			isa = XCVersionGroup;
			children = (
				12AF13B61F001AD600D702F1 /* ZYCStatuBarHUD.xcdatamodel */,
			);
			currentVersion = 12AF13B61F001AD600D702F1 /* ZYCStatuBarHUD.xcdatamodel */;
			path = ZYCStatuBarHUD.xcdatamodeld;
			sourceTree = "<group>";
			versionGroupType = wrapper.xcdatamodel;
		};
/* End XCVersionGroup section */
	};
	rootObject = 12AF139E1F001AD500D702F1 /* Project object */;
}
